
Microsoft Visual Studio Solution File, Format Version 12.00
# Visual Studio Version 17
VisualStudioVersion = 17.4.33110.190
MinimumVisualStudioVersion = 10.0.40219.1
Project("{9A19103F-16F7-4668-BE54-9A1E7A4F7556}") = "EdgeDetector", "EdgeDetector\EdgeDetector.csproj", "{D0F369DF-BDF0-4808-9171-262EDF331F63}"
	ProjectSection(ProjectDependencies) = postProject
		{AEDA8EEB-E67D-44AA-BFD9-B8A20B812875} = {AEDA8EEB-E67D-44AA-BFD9-B8A20B812875}
		{CF5F8734-281B-4668-8327-2B03F5ADDC1A} = {CF5F8734-281B-4668-8327-2B03F5ADDC1A}
	EndProjectSection
EndProject
Project("{9A19103F-16F7-4668-BE54-9A1E7A4F7556}") = "EdgeDetectorC", "EdgeDetectorC\EdgeDetectorC.csproj", "{AEDA8EEB-E67D-44AA-BFD9-B8A20B812875}"
EndProject
Project("{8BC9CEB8-8B4A-11D0-8D11-00A0C91BC942}") = "AsmProject", "AsmProject\AsmProject.vcxproj", "{CF5F8734-281B-4668-8327-2B03F5ADDC1A}"
EndProject
Global
	GlobalSection(SolutionConfigurationPlatforms) = preSolution
		Debug|Any CPU = Debug|Any CPU
		Debug|x64 = Debug|x64
		Debug|x86 = Debug|x86
		Release|Any CPU = Release|Any CPU
		Release|x64 = Release|x64
		Release|x86 = Release|x86
	EndGlobalSection
	GlobalSection(ProjectConfigurationPlatforms) = postSolution
		{D0F369DF-BDF0-4808-9171-262EDF331F63}.Debug|Any CPU.ActiveCfg = Debug|Any CPU
		{D0F369DF-BDF0-4808-9171-262EDF331F63}.Debug|Any CPU.Build.0 = Debug|Any CPU
		{D0F369DF-BDF0-4808-9171-262EDF331F63}.Debug|x64.ActiveCfg = Debug|Any CPU
		{D0F369DF-BDF0-4808-9171-262EDF331F63}.Debug|x64.Build.0 = Debug|Any CPU
		{D0F369DF-BDF0-4808-9171-262EDF331F63}.Debug|x86.ActiveCfg = Debug|Any CPU
		{D0F369DF-BDF0-4808-9171-262EDF331F63}.Debug|x86.Build.0 = Debug|Any CPU
		{D0F369DF-BDF0-4808-9171-262EDF331F63}.Release|Any CPU.ActiveCfg = Release|Any CPU
		{D0F369DF-BDF0-4808-9171-262EDF331F63}.Release|Any CPU.Build.0 = Release|Any CPU
		{D0F369DF-BDF0-4808-9171-262EDF331F63}.Release|x64.ActiveCfg = Release|Any CPU
		{D0F369DF-BDF0-4808-9171-262EDF331F63}.Release|x64.Build.0 = Release|Any CPU
		{D0F369DF-BDF0-4808-9171-262EDF331F63}.Release|x86.ActiveCfg = Release|Any CPU
		{D0F369DF-BDF0-4808-9171-262EDF331F63}.Release|x86.Build.0 = Release|Any CPU
		{AEDA8EEB-E67D-44AA-BFD9-B8A20B812875}.Debug|Any CPU.ActiveCfg = Debug|Any CPU
		{AEDA8EEB-E67D-44AA-BFD9-B8A20B812875}.Debug|Any CPU.Build.0 = Debug|Any CPU
		{AEDA8EEB-E67D-44AA-BFD9-B8A20B812875}.Debug|x64.ActiveCfg = Debug|Any CPU
		{AEDA8EEB-E67D-44AA-BFD9-B8A20B812875}.Debug|x64.Build.0 = Debug|Any CPU
		{AEDA8EEB-E67D-44AA-BFD9-B8A20B812875}.Debug|x86.ActiveCfg = Debug|Any CPU
		{AEDA8EEB-E67D-44AA-BFD9-B8A20B812875}.Debug|x86.Build.0 = Debug|Any CPU
		{AEDA8EEB-E67D-44AA-BFD9-B8A20B812875}.Release|Any CPU.ActiveCfg = Release|Any CPU
		{AEDA8EEB-E67D-44AA-BFD9-B8A20B812875}.Release|Any CPU.Build.0 = Release|Any CPU
		{AEDA8EEB-E67D-44AA-BFD9-B8A20B812875}.Release|x64.ActiveCfg = Release|Any CPU
		{AEDA8EEB-E67D-44AA-BFD9-B8A20B812875}.Release|x64.Build.0 = Release|Any CPU
		{AEDA8EEB-E67D-44AA-BFD9-B8A20B812875}.Release|x86.ActiveCfg = Release|Any CPU
		{AEDA8EEB-E67D-44AA-BFD9-B8A20B812875}.Release|x86.Build.0 = Release|Any CPU
		{CF5F8734-281B-4668-8327-2B03F5ADDC1A}.Debug|Any CPU.ActiveCfg = Debug|x64
		{CF5F8734-281B-4668-8327-2B03F5ADDC1A}.Debug|Any CPU.Build.0 = Debug|x64
		{CF5F8734-281B-4668-8327-2B03F5ADDC1A}.Debug|x64.ActiveCfg = Debug|x64
		{CF5F8734-281B-4668-8327-2B03F5ADDC1A}.Debug|x64.Build.0 = Debug|x64
		{CF5F8734-281B-4668-8327-2B03F5ADDC1A}.Debug|x86.ActiveCfg = Debug|Win32
		{CF5F8734-281B-4668-8327-2B03F5ADDC1A}.Debug|x86.Build.0 = Debug|Win32
		{CF5F8734-281B-4668-8327-2B03F5ADDC1A}.Release|Any CPU.ActiveCfg = Release|x64
		{CF5F8734-281B-4668-8327-2B03F5ADDC1A}.Release|Any CPU.Build.0 = Release|x64
		{CF5F8734-281B-4668-8327-2B03F5ADDC1A}.Release|x64.ActiveCfg = Release|x64
		{CF5F8734-281B-4668-8327-2B03F5ADDC1A}.Release|x64.Build.0 = Release|x64
		{CF5F8734-281B-4668-8327-2B03F5ADDC1A}.Release|x86.ActiveCfg = Release|Win32
		{CF5F8734-281B-4668-8327-2B03F5ADDC1A}.Release|x86.Build.0 = Release|Win32
	EndGlobalSection
	GlobalSection(SolutionProperties) = preSolution
		HideSolutionNode = FALSE
	EndGlobalSection
	GlobalSection(ExtensibilityGlobals) = postSolution
		SolutionGuid = {E9E43960-09B1-4016-90FB-CC4A7ACDDB0F}
	EndGlobalSection
EndGlobal
